
Microsoft Visual Studio Solution File, Format Version 12.00
# Visual Studio Version 17
VisualStudioVersion = 17.14.36310.24 d17.14
MinimumVisualStudioVersion = 10.0.40219.1
Project("{FAE04EC0-301F-11D3-BF4B-00C04F79EFBC}") = "ppdb smk", "ppdb smk\ppdb smk.csproj", "{1214A2F7-FBC7-4F0E-A349-81A56C7ADB67}"
EndProject
Global
	GlobalSection(SolutionConfigurationPlatforms) = preSolution
		Debug|Any CPU = Debug|Any CPU
		Release|Any CPU = Release|Any CPU
	EndGlobalSection
	GlobalSection(ProjectConfigurationPlatforms) = postSolution
		{1214A2F7-FBC7-4F0E-A349-81A56C7ADB67}.Debug|Any CPU.ActiveCfg = Debug|Any CPU
		{1214A2F7-FBC7-4F0E-A349-81A56C7ADB67}.Debug|Any CPU.Build.0 = Debug|Any CPU
		{1214A2F7-FBC7-4F0E-A349-81A56C7ADB67}.Release|Any CPU.ActiveCfg = Release|Any CPU
		{1214A2F7-FBC7-4F0E-A349-81A56C7ADB67}.Release|Any CPU.Build.0 = Release|Any CPU
	EndGlobalSection
	GlobalSection(SolutionProperties) = preSolution
		HideSolutionNode = FALSE
	EndGlobalSection
	GlobalSection(ExtensibilityGlobals) = postSolution
		SolutionGuid = {59599103-C8D9-450E-8D59-6A08F6670718}
	EndGlobalSection
EndGlobal
