
Microsoft Visual Studio Solution File, Format Version 12.00
# Visual Studio Version 17
VisualStudioVersion = 17.14.36310.24 d17.14
MinimumVisualStudioVersion = 10.0.40219.1
Project("{FAE04EC0-301F-11D3-BF4B-00C04F79EFBC}") = "tampilkan angka", "tampilkan angka\tampilkan angka.csproj", "{EDBEB6B2-0161-4059-A281-86380CE329B9}"
EndProject
Global
	GlobalSection(SolutionConfigurationPlatforms) = preSolution
		Debug|Any CPU = Debug|Any CPU
		Release|Any CPU = Release|Any CPU
	EndGlobalSection
	GlobalSection(ProjectConfigurationPlatforms) = postSolution
		{EDBEB6B2-0161-4059-A281-86380CE329B9}.Debug|Any CPU.ActiveCfg = Debug|Any CPU
		{EDBEB6B2-0161-4059-A281-86380CE329B9}.Debug|Any CPU.Build.0 = Debug|Any CPU
		{EDBEB6B2-0161-4059-A281-86380CE329B9}.Release|Any CPU.ActiveCfg = Release|Any CPU
		{EDBEB6B2-0161-4059-A281-86380CE329B9}.Release|Any CPU.Build.0 = Release|Any CPU
	EndGlobalSection
	GlobalSection(SolutionProperties) = preSolution
		HideSolutionNode = FALSE
	EndGlobalSection
	GlobalSection(ExtensibilityGlobals) = postSolution
		SolutionGuid = {D580A166-5AA2-404B-9B1E-266A8747C34F}
	EndGlobalSection
EndGlobal
